
Microsoft Visual Studio Solution File, Format Version 12.00
# Visual Studio Version 17
VisualStudioVersion = 17.11.35303.130
MinimumVisualStudioVersion = 10.0.40219.1
Project("{FAE04EC0-301F-11D3-BF4B-00C04F79EFBC}") = "baitap3", "baitap3.csproj", "{B570A8A2-5765-466B-B1AA-36C9CD2CCF3D}"
EndProject
Global
	GlobalSection(SolutionConfigurationPlatforms) = preSolution
		Debug|Any CPU = Debug|Any CPU
		Release|Any CPU = Release|Any CPU
	EndGlobalSection
	GlobalSection(ProjectConfigurationPlatforms) = postSolution
		{B570A8A2-5765-466B-B1AA-36C9CD2CCF3D}.Debug|Any CPU.ActiveCfg = Debug|Any CPU
		{B570A8A2-5765-466B-B1AA-36C9CD2CCF3D}.Debug|Any CPU.Build.0 = Debug|Any CPU
		{B570A8A2-5765-466B-B1AA-36C9CD2CCF3D}.Release|Any CPU.ActiveCfg = Release|Any CPU
		{B570A8A2-5765-466B-B1AA-36C9CD2CCF3D}.Release|Any CPU.Build.0 = Release|Any CPU
	EndGlobalSection
	GlobalSection(SolutionProperties) = preSolution
		HideSolutionNode = FALSE
	EndGlobalSection
	GlobalSection(ExtensibilityGlobals) = postSolution
		SolutionGuid = {CEF296E8-5363-4460-8D44-00EED0ECF572}
	EndGlobalSection
EndGlobal
